// !$*UTF8*$!
{
	archiveVersion = 1;
	classes = {
	};
	objectVersion = 50;
	objects = {

/* Begin PBXBuildFile section */
		763499798FF3A4376326913D /* Pods_magma.framework in Frameworks */ = {isa = PBXBuildFile; fileRef = DBD2F7221D29B7E4874D3193 /* Pods_magma.framework */; };
		D0028346228B958700997C41 /* AppDelegate.swift in Sources */ = {isa = PBXBuildFile; fileRef = D0028345228B958700997C41 /* AppDelegate.swift */; };
		D0028348228B958700997C41 /* WalletViewController.swift in Sources */ = {isa = PBXBuildFile; fileRef = D0028347228B958700997C41 /* WalletViewController.swift */; };
		D002834A228B958700997C41 /* TxnViewController.swift in Sources */ = {isa = PBXBuildFile; fileRef = D0028349228B958700997C41 /* TxnViewController.swift */; };
		D002834D228B958700997C41 /* Main.storyboard in Resources */ = {isa = PBXBuildFile; fileRef = D002834B228B958700997C41 /* Main.storyboard */; };
		D002834F228B958D00997C41 /* Assets.xcassets in Resources */ = {isa = PBXBuildFile; fileRef = D002834E228B958D00997C41 /* Assets.xcassets */; };
		D0028352228B958D00997C41 /* LaunchScreen.storyboard in Resources */ = {isa = PBXBuildFile; fileRef = D0028350228B958D00997C41 /* LaunchScreen.storyboard */; };
		D0407CAA228F025C007DE3D5 /* CardAPI.swift in Sources */ = {isa = PBXBuildFile; fileRef = D0407CA9228F025C007DE3D5 /* CardAPI.swift */; };
		D0944CBD228D96530065CAF2 /* SettingsViewController.swift in Sources */ = {isa = PBXBuildFile; fileRef = D0944CBC228D96530065CAF2 /* SettingsViewController.swift */; };
		D0944CBF228D9E800065CAF2 /* CustomTabBarController.swift in Sources */ = {isa = PBXBuildFile; fileRef = D0944CBE228D9E800065CAF2 /* CustomTabBarController.swift */; };
		D0944CC1228DAC840065CAF2 /* WalletTableViewController.swift in Sources */ = {isa = PBXBuildFile; fileRef = D0944CC0228DAC840065CAF2 /* WalletTableViewController.swift */; };
		D0944CC5228DB24E0065CAF2 /* WalletTableViewCell.swift in Sources */ = {isa = PBXBuildFile; fileRef = D0944CC4228DB24E0065CAF2 /* WalletTableViewCell.swift */; };
		D0944CC7228DB44D0065CAF2 /* Card.swift in Sources */ = {isa = PBXBuildFile; fileRef = D0944CC6228DB44D0065CAF2 /* Card.swift */; };
		D0944CC9228DB4800065CAF2 /* User.swift in Sources */ = {isa = PBXBuildFile; fileRef = D0944CC8228DB4800065CAF2 /* User.swift */; };
		D0944CCB228E21140065CAF2 /* CardManager.swift in Sources */ = {isa = PBXBuildFile; fileRef = D0944CCA228E21140065CAF2 /* CardManager.swift */; };
		D0944CCD228E3C400065CAF2 /* Constants.swift in Sources */ = {isa = PBXBuildFile; fileRef = D0944CCC228E3C400065CAF2 /* Constants.swift */; };
		D0944CCF228E3F0F0065CAF2 /* Util.swift in Sources */ = {isa = PBXBuildFile; fileRef = D0944CCE228E3F0F0065CAF2 /* Util.swift */; };
		D0F0AC11228FAA4A00B5C77A /* CardStyle.swift in Sources */ = {isa = PBXBuildFile; fileRef = D0F0AC10228FAA4A00B5C77A /* CardStyle.swift */; };
		D0F0AC13228FAAA700B5C77A /* UIColor.swift in Sources */ = {isa = PBXBuildFile; fileRef = D0F0AC12228FAAA700B5C77A /* UIColor.swift */; };
/* End PBXBuildFile section */

/* Begin PBXFileReference section */
		4520519BA374FE4882A3A8E5 /* Pods-magma.release.xcconfig */ = {isa = PBXFileReference; includeInIndex = 1; lastKnownFileType = text.xcconfig; name = "Pods-magma.release.xcconfig"; path = "Pods/Target Support Files/Pods-magma/Pods-magma.release.xcconfig"; sourceTree = "<group>"; };
		702945357C4422D334BA1487 /* Pods-magma.debug.xcconfig */ = {isa = PBXFileReference; includeInIndex = 1; lastKnownFileType = text.xcconfig; name = "Pods-magma.debug.xcconfig"; path = "Pods/Target Support Files/Pods-magma/Pods-magma.debug.xcconfig"; sourceTree = "<group>"; };
		D0028342228B958700997C41 /* magma.app */ = {isa = PBXFileReference; explicitFileType = wrapper.application; includeInIndex = 0; path = magma.app; sourceTree = BUILT_PRODUCTS_DIR; };
		D0028345228B958700997C41 /* AppDelegate.swift */ = {isa = PBXFileReference; lastKnownFileType = sourcecode.swift; path = AppDelegate.swift; sourceTree = "<group>"; };
		D0028347228B958700997C41 /* WalletViewController.swift */ = {isa = PBXFileReference; lastKnownFileType = sourcecode.swift; path = WalletViewController.swift; sourceTree = "<group>"; };
		D0028349228B958700997C41 /* TxnViewController.swift */ = {isa = PBXFileReference; lastKnownFileType = sourcecode.swift; path = TxnViewController.swift; sourceTree = "<group>"; };
		D002834C228B958700997C41 /* Base */ = {isa = PBXFileReference; lastKnownFileType = file.storyboard; name = Base; path = Base.lproj/Main.storyboard; sourceTree = "<group>"; };
		D002834E228B958D00997C41 /* Assets.xcassets */ = {isa = PBXFileReference; lastKnownFileType = folder.assetcatalog; path = Assets.xcassets; sourceTree = "<group>"; };
		D0028351228B958D00997C41 /* Base */ = {isa = PBXFileReference; lastKnownFileType = file.storyboard; name = Base; path = Base.lproj/LaunchScreen.storyboard; sourceTree = "<group>"; };
		D0028353228B958D00997C41 /* Info.plist */ = {isa = PBXFileReference; lastKnownFileType = text.plist.xml; path = Info.plist; sourceTree = "<group>"; };
		D0407CA9228F025C007DE3D5 /* CardAPI.swift */ = {isa = PBXFileReference; lastKnownFileType = sourcecode.swift; path = CardAPI.swift; sourceTree = "<group>"; };
		D0944CBC228D96530065CAF2 /* SettingsViewController.swift */ = {isa = PBXFileReference; lastKnownFileType = sourcecode.swift; path = SettingsViewController.swift; sourceTree = "<group>"; };
		D0944CBE228D9E800065CAF2 /* CustomTabBarController.swift */ = {isa = PBXFileReference; lastKnownFileType = sourcecode.swift; path = CustomTabBarController.swift; sourceTree = "<group>"; };
		D0944CC0228DAC840065CAF2 /* WalletTableViewController.swift */ = {isa = PBXFileReference; lastKnownFileType = sourcecode.swift; path = WalletTableViewController.swift; sourceTree = "<group>"; };
		D0944CC4228DB24E0065CAF2 /* WalletTableViewCell.swift */ = {isa = PBXFileReference; lastKnownFileType = sourcecode.swift; path = WalletTableViewCell.swift; sourceTree = "<group>"; };
		D0944CC6228DB44D0065CAF2 /* Card.swift */ = {isa = PBXFileReference; lastKnownFileType = sourcecode.swift; path = Card.swift; sourceTree = "<group>"; };
		D0944CC8228DB4800065CAF2 /* User.swift */ = {isa = PBXFileReference; lastKnownFileType = sourcecode.swift; path = User.swift; sourceTree = "<group>"; };
		D0944CCA228E21140065CAF2 /* CardManager.swift */ = {isa = PBXFileReference; lastKnownFileType = sourcecode.swift; path = CardManager.swift; sourceTree = "<group>"; };
		D0944CCC228E3C400065CAF2 /* Constants.swift */ = {isa = PBXFileReference; lastKnownFileType = sourcecode.swift; path = Constants.swift; sourceTree = "<group>"; };
		D0944CCE228E3F0F0065CAF2 /* Util.swift */ = {isa = PBXFileReference; lastKnownFileType = sourcecode.swift; path = Util.swift; sourceTree = "<group>"; };
		D0F0AC10228FAA4A00B5C77A /* CardStyle.swift */ = {isa = PBXFileReference; lastKnownFileType = sourcecode.swift; path = CardStyle.swift; sourceTree = "<group>"; };
		D0F0AC12228FAAA700B5C77A /* UIColor.swift */ = {isa = PBXFileReference; lastKnownFileType = sourcecode.swift; path = UIColor.swift; sourceTree = "<group>"; };
		DBD2F7221D29B7E4874D3193 /* Pods_magma.framework */ = {isa = PBXFileReference; explicitFileType = wrapper.framework; includeInIndex = 0; path = Pods_magma.framework; sourceTree = BUILT_PRODUCTS_DIR; };
/* End PBXFileReference section */

/* Begin PBXFrameworksBuildPhase section */
		D002833F228B958700997C41 /* Frameworks */ = {
			isa = PBXFrameworksBuildPhase;
			buildActionMask = 2147483647;
			files = (
				763499798FF3A4376326913D /* Pods_magma.framework in Frameworks */,
			);
			runOnlyForDeploymentPostprocessing = 0;
		};
/* End PBXFrameworksBuildPhase section */

/* Begin PBXGroup section */
		5DEE300058EBAECE85C8F7FA /* Pods */ = {
			isa = PBXGroup;
			children = (
				702945357C4422D334BA1487 /* Pods-magma.debug.xcconfig */,
				4520519BA374FE4882A3A8E5 /* Pods-magma.release.xcconfig */,
			);
			name = Pods;
			sourceTree = "<group>";
		};
		CA519C591236C4DE5ECDCD76 /* Frameworks */ = {
			isa = PBXGroup;
			children = (
				DBD2F7221D29B7E4874D3193 /* Pods_magma.framework */,
			);
			name = Frameworks;
			sourceTree = "<group>";
		};
		D0028339228B958700997C41 = {
			isa = PBXGroup;
			children = (
				D0028344228B958700997C41 /* magma */,
				D0028343228B958700997C41 /* Products */,
				5DEE300058EBAECE85C8F7FA /* Pods */,
				CA519C591236C4DE5ECDCD76 /* Frameworks */,
			);
			sourceTree = "<group>";
		};
		D0028343228B958700997C41 /* Products */ = {
			isa = PBXGroup;
			children = (
				D0028342228B958700997C41 /* magma.app */,
			);
			name = Products;
			sourceTree = "<group>";
		};
		D0028344228B958700997C41 /* magma */ = {
			isa = PBXGroup;
			children = (
				D0944CB7228D925C0065CAF2 /* Application */,
				D0944CB4228D8D7A0065CAF2 /* Utility */,
				D0944CBA228D930F0065CAF2 /* Models */,
				D0944CBB228D93250065CAF2 /* Views */,
				D0944CB3228D8D3A0065CAF2 /* Controllers */,
				D0944CB9228D92AD0065CAF2 /* Resources */,
				D0944CB8228D927D0065CAF2 /* Storyboards */,
			);
			path = magma;
			sourceTree = "<group>";
		};
		D0407CAC228F0276007DE3D5 /* Card */ = {
			isa = PBXGroup;
			children = (
				D0407CA9228F025C007DE3D5 /* CardAPI.swift */,
				D0944CCA228E21140065CAF2 /* CardManager.swift */,
				D0944CC6228DB44D0065CAF2 /* Card.swift */,
				D0F0AC10228FAA4A00B5C77A /* CardStyle.swift */,
			);
			name = Card;
			sourceTree = "<group>";
		};
		D0944CB3228D8D3A0065CAF2 /* Controllers */ = {
			isa = PBXGroup;
			children = (
				D0028347228B958700997C41 /* WalletViewController.swift */,
				D0028349228B958700997C41 /* TxnViewController.swift */,
				D0944CBC228D96530065CAF2 /* SettingsViewController.swift */,
				D0944CBE228D9E800065CAF2 /* CustomTabBarController.swift */,
				D0944CC0228DAC840065CAF2 /* WalletTableViewController.swift */,
			);
			path = Controllers;
			sourceTree = "<group>";
		};
		D0944CB4228D8D7A0065CAF2 /* Utility */ = {
			isa = PBXGroup;
			children = (
				D0944CCC228E3C400065CAF2 /* Constants.swift */,
				D0944CCE228E3F0F0065CAF2 /* Util.swift */,
				D0F0AC12228FAAA700B5C77A /* UIColor.swift */,
			);
			path = Utility;
			sourceTree = "<group>";
		};
		D0944CB7228D925C0065CAF2 /* Application */ = {
			isa = PBXGroup;
			children = (
				D0028345228B958700997C41 /* AppDelegate.swift */,
				D0028353228B958D00997C41 /* Info.plist */,
			);
			name = Application;
			sourceTree = "<group>";
		};
		D0944CB8228D927D0065CAF2 /* Storyboards */ = {
			isa = PBXGroup;
			children = (
				D002834B228B958700997C41 /* Main.storyboard */,
				D0028350228B958D00997C41 /* LaunchScreen.storyboard */,
			);
			name = Storyboards;
			sourceTree = "<group>";
		};
		D0944CB9228D92AD0065CAF2 /* Resources */ = {
			isa = PBXGroup;
			children = (
				D002834E228B958D00997C41 /* Assets.xcassets */,
			);
			path = Resources;
			sourceTree = "<group>";
		};
		D0944CBA228D930F0065CAF2 /* Models */ = {
			isa = PBXGroup;
			children = (
				D0407CAC228F0276007DE3D5 /* Card */,
				D0944CC8228DB4800065CAF2 /* User.swift */,
			);
			path = Models;
			sourceTree = "<group>";
		};
		D0944CBB228D93250065CAF2 /* Views */ = {
			isa = PBXGroup;
			children = (
				D0944CC4228DB24E0065CAF2 /* WalletTableViewCell.swift */,
			);
			path = Views;
			sourceTree = "<group>";
		};
/* End PBXGroup section */

/* Begin PBXNativeTarget section */
		D0028341228B958700997C41 /* magma */ = {
			isa = PBXNativeTarget;
			buildConfigurationList = D0028356228B958D00997C41 /* Build configuration list for PBXNativeTarget "magma" */;
			buildPhases = (
				B4076978B399D92B55A93CBE /* [CP] Check Pods Manifest.lock */,
				D002833E228B958700997C41 /* Sources */,
				D002833F228B958700997C41 /* Frameworks */,
				D0028340228B958700997C41 /* Resources */,
				CBC4B025CA7770155F89E2BD /* [CP] Embed Pods Frameworks */,
				D0944CD0228E45E40065CAF2 /* ShellScript */,
			);
			buildRules = (
			);
			dependencies = (
			);
			name = magma;
			productName = magma;
			productReference = D0028342228B958700997C41 /* magma.app */;
			productType = "com.apple.product-type.application";
		};
/* End PBXNativeTarget section */

/* Begin PBXProject section */
		D002833A228B958700997C41 /* Project object */ = {
			isa = PBXProject;
			attributes = {
				LastSwiftUpdateCheck = 1020;
				LastUpgradeCheck = 1020;
				ORGANIZATIONNAME = "Code Candy";
				TargetAttributes = {
					D0028341228B958700997C41 = {
						CreatedOnToolsVersion = 10.2.1;
					};
				};
			};
			buildConfigurationList = D002833D228B958700997C41 /* Build configuration list for PBXProject "magma" */;
			compatibilityVersion = "Xcode 9.3";
			developmentRegion = en;
			hasScannedForEncodings = 0;
			knownRegions = (
				en,
				Base,
			);
			mainGroup = D0028339228B958700997C41;
			productRefGroup = D0028343228B958700997C41 /* Products */;
			projectDirPath = "";
			projectRoot = "";
			targets = (
				D0028341228B958700997C41 /* magma */,
			);
		};
/* End PBXProject section */

/* Begin PBXResourcesBuildPhase section */
		D0028340228B958700997C41 /* Resources */ = {
			isa = PBXResourcesBuildPhase;
			buildActionMask = 2147483647;
			files = (
				D0028352228B958D00997C41 /* LaunchScreen.storyboard in Resources */,
				D002834F228B958D00997C41 /* Assets.xcassets in Resources */,
				D002834D228B958700997C41 /* Main.storyboard in Resources */,
			);
			runOnlyForDeploymentPostprocessing = 0;
		};
/* End PBXResourcesBuildPhase section */

/* Begin PBXShellScriptBuildPhase section */
		B4076978B399D92B55A93CBE /* [CP] Check Pods Manifest.lock */ = {
			isa = PBXShellScriptBuildPhase;
			buildActionMask = 2147483647;
			files = (
			);
			inputFileListPaths = (
			);
			inputPaths = (
				"${PODS_PODFILE_DIR_PATH}/Podfile.lock",
				"${PODS_ROOT}/Manifest.lock",
			);
			name = "[CP] Check Pods Manifest.lock";
			outputFileListPaths = (
			);
			outputPaths = (
				"$(DERIVED_FILE_DIR)/Pods-magma-checkManifestLockResult.txt",
			);
			runOnlyForDeploymentPostprocessing = 0;
			shellPath = /bin/sh;
			shellScript = "diff \"${PODS_PODFILE_DIR_PATH}/Podfile.lock\" \"${PODS_ROOT}/Manifest.lock\" > /dev/null\nif [ $? != 0 ] ; then\n    # print error to STDERR\n    echo \"error: The sandbox is not in sync with the Podfile.lock. Run 'pod install' or update your CocoaPods installation.\" >&2\n    exit 1\nfi\n# This output is used by Xcode 'outputs' to avoid re-running this script phase.\necho \"SUCCESS\" > \"${SCRIPT_OUTPUT_FILE_0}\"\n";
			showEnvVarsInLog = 0;
		};
		CBC4B025CA7770155F89E2BD /* [CP] Embed Pods Frameworks */ = {
			isa = PBXShellScriptBuildPhase;
			buildActionMask = 2147483647;
			files = (
			);
			inputFileListPaths = (
			);
			inputPaths = (
				"${SRCROOT}/Pods/Target Support Files/Pods-magma/Pods-magma-frameworks.sh",
				"${BUILT_PRODUCTS_DIR}/Alamofire/Alamofire.framework",
				"${BUILT_PRODUCTS_DIR}/IQKeyboardManagerSwift/IQKeyboardManagerSwift.framework",
				"${BUILT_PRODUCTS_DIR}/SwiftyJSON/SwiftyJSON.framework",
				"${BUILT_PRODUCTS_DIR}/SwipeableTabBarController/SwipeableTabBarController.framework",
			);
			name = "[CP] Embed Pods Frameworks";
			outputFileListPaths = (
			);
			outputPaths = (
				"${TARGET_BUILD_DIR}/${FRAMEWORKS_FOLDER_PATH}/Alamofire.framework",
				"${TARGET_BUILD_DIR}/${FRAMEWORKS_FOLDER_PATH}/IQKeyboardManagerSwift.framework",
				"${TARGET_BUILD_DIR}/${FRAMEWORKS_FOLDER_PATH}/SwiftyJSON.framework",
				"${TARGET_BUILD_DIR}/${FRAMEWORKS_FOLDER_PATH}/SwipeableTabBarController.framework",
			);
			runOnlyForDeploymentPostprocessing = 0;
			shellPath = /bin/sh;
			shellScript = "\"${SRCROOT}/Pods/Target Support Files/Pods-magma/Pods-magma-frameworks.sh\"\n";
			showEnvVarsInLog = 0;
		};
		D0944CD0228E45E40065CAF2 /* ShellScript */ = {
			isa = PBXShellScriptBuildPhase;
			buildActionMask = 2147483647;
			files = (
			);
			inputFileListPaths = (
			);
			inputPaths = (
			);
			outputFileListPaths = (
			);
			outputPaths = (
			);
			runOnlyForDeploymentPostprocessing = 0;
			shellPath = /bin/sh;
			shellScript = "\"${PODS_ROOT}/SwiftLint/swiftlint\"\n";
		};
/* End PBXShellScriptBuildPhase section */

/* Begin PBXSourcesBuildPhase section */
		D002833E228B958700997C41 /* Sources */ = {
			isa = PBXSourcesBuildPhase;
			buildActionMask = 2147483647;
			files = (
				D0944CC5228DB24E0065CAF2 /* WalletTableViewCell.swift in Sources */,
				D0F0AC11228FAA4A00B5C77A /* CardStyle.swift in Sources */,
				D0944CCD228E3C400065CAF2 /* Constants.swift in Sources */,
				D002834A228B958700997C41 /* TxnViewController.swift in Sources */,
				D0F0AC13228FAAA700B5C77A /* UIColor.swift in Sources */,
				D0407CAA228F025C007DE3D5 /* CardAPI.swift in Sources */,
				D0028346228B958700997C41 /* AppDelegate.swift in Sources */,
				D0944CCB228E21140065CAF2 /* CardManager.swift in Sources */,
				D0944CC1228DAC840065CAF2 /* WalletTableViewController.swift in Sources */,
				D0944CBF228D9E800065CAF2 /* CustomTabBarController.swift in Sources */,
				D0944CCF228E3F0F0065CAF2 /* Util.swift in Sources */,
				D0944CC9228DB4800065CAF2 /* User.swift in Sources */,
				D0028348228B958700997C41 /* WalletViewController.swift in Sources */,
				D0944CBD228D96530065CAF2 /* SettingsViewController.swift in Sources */,
				D0944CC7228DB44D0065CAF2 /* Card.swift in Sources */,
			);
			runOnlyForDeploymentPostprocessing = 0;
		};
/* End PBXSourcesBuildPhase section */

/* Begin PBXVariantGroup section */
		D002834B228B958700997C41 /* Main.storyboard */ = {
			isa = PBXVariantGroup;
			children = (
				D002834C228B958700997C41 /* Base */,
			);
			name = Main.storyboard;
			sourceTree = "<group>";
		};
		D0028350228B958D00997C41 /* LaunchScreen.storyboard */ = {
			isa = PBXVariantGroup;
			children = (
				D0028351228B958D00997C41 /* Base */,
			);
			name = LaunchScreen.storyboard;
			sourceTree = "<group>";
		};
/* End PBXVariantGroup section */

/* Begin XCBuildConfiguration section */
		D0028354228B958D00997C41 /* Debug */ = {
			isa = XCBuildConfiguration;
			buildSettings = {
				ALWAYS_SEARCH_USER_PATHS = NO;
				CLANG_ANALYZER_NONNULL = YES;
				CLANG_ANALYZER_NUMBER_OBJECT_CONVERSION = YES_AGGRESSIVE;
				CLANG_CXX_LANGUAGE_STANDARD = "gnu++14";
				CLANG_CXX_LIBRARY = "libc++";
				CLANG_ENABLE_MODULES = YES;
				CLANG_ENABLE_OBJC_ARC = YES;
				CLANG_ENABLE_OBJC_WEAK = YES;
				CLANG_WARN_BLOCK_CAPTURE_AUTORELEASING = YES;
				CLANG_WARN_BOOL_CONVERSION = YES;
				CLANG_WARN_COMMA = YES;
				CLANG_WARN_CONSTANT_CONVERSION = YES;
				CLANG_WARN_DEPRECATED_OBJC_IMPLEMENTATIONS = YES;
				CLANG_WARN_DIRECT_OBJC_ISA_USAGE = YES_ERROR;
				CLANG_WARN_DOCUMENTATION_COMMENTS = YES;
				CLANG_WARN_EMPTY_BODY = YES;
				CLANG_WARN_ENUM_CONVERSION = YES;
				CLANG_WARN_INFINITE_RECURSION = YES;
				CLANG_WARN_INT_CONVERSION = YES;
				CLANG_WARN_NON_LITERAL_NULL_CONVERSION = YES;
				CLANG_WARN_OBJC_IMPLICIT_RETAIN_SELF = YES;
				CLANG_WARN_OBJC_LITERAL_CONVERSION = YES;
				CLANG_WARN_OBJC_ROOT_CLASS = YES_ERROR;
				CLANG_WARN_RANGE_LOOP_ANALYSIS = YES;
				CLANG_WARN_STRICT_PROTOTYPES = YES;
				CLANG_WARN_SUSPICIOUS_MOVE = YES;
				CLANG_WARN_UNGUARDED_AVAILABILITY = YES_AGGRESSIVE;
				CLANG_WARN_UNREACHABLE_CODE = YES;
				CLANG_WARN__DUPLICATE_METHOD_MATCH = YES;
				CODE_SIGN_IDENTITY = "iPhone Developer";
				COPY_PHASE_STRIP = NO;
				DEBUG_INFORMATION_FORMAT = dwarf;
				ENABLE_STRICT_OBJC_MSGSEND = YES;
				ENABLE_TESTABILITY = YES;
				GCC_C_LANGUAGE_STANDARD = gnu11;
				GCC_DYNAMIC_NO_PIC = NO;
				GCC_NO_COMMON_BLOCKS = YES;
				GCC_OPTIMIZATION_LEVEL = 0;
				GCC_PREPROCESSOR_DEFINITIONS = (
					"DEBUG=1",
					"$(inherited)",
				);
				GCC_WARN_64_TO_32_BIT_CONVERSION = YES;
				GCC_WARN_ABOUT_RETURN_TYPE = YES_ERROR;
				GCC_WARN_UNDECLARED_SELECTOR = YES;
				GCC_WARN_UNINITIALIZED_AUTOS = YES_AGGRESSIVE;
				GCC_WARN_UNUSED_FUNCTION = YES;
				GCC_WARN_UNUSED_VARIABLE = YES;
				IPHONEOS_DEPLOYMENT_TARGET = 12.2;
				MTL_ENABLE_DEBUG_INFO = INCLUDE_SOURCE;
				MTL_FAST_MATH = YES;
				ONLY_ACTIVE_ARCH = YES;
				SDKROOT = iphoneos;
				SWIFT_ACTIVE_COMPILATION_CONDITIONS = DEBUG;
				SWIFT_OPTIMIZATION_LEVEL = "-Onone";
			};
			name = Debug;
		};
		D0028355228B958D00997C41 /* Release */ = {
			isa = XCBuildConfiguration;
			buildSettings = {
				ALWAYS_SEARCH_USER_PATHS = NO;
				CLANG_ANALYZER_NONNULL = YES;
				CLANG_ANALYZER_NUMBER_OBJECT_CONVERSION = YES_AGGRESSIVE;
				CLANG_CXX_LANGUAGE_STANDARD = "gnu++14";
				CLANG_CXX_LIBRARY = "libc++";
				CLANG_ENABLE_MODULES = YES;
				CLANG_ENABLE_OBJC_ARC = YES;
				CLANG_ENABLE_OBJC_WEAK = YES;
				CLANG_WARN_BLOCK_CAPTURE_AUTORELEASING = YES;
				CLANG_WARN_BOOL_CONVERSION = YES;
				CLANG_WARN_COMMA = YES;
				CLANG_WARN_CONSTANT_CONVERSION = YES;
				CLANG_WARN_DEPRECATED_OBJC_IMPLEMENTATIONS = YES;
				CLANG_WARN_DIRECT_OBJC_ISA_USAGE = YES_ERROR;
				CLANG_WARN_DOCUMENTATION_COMMENTS = YES;
				CLANG_WARN_EMPTY_BODY = YES;
				CLANG_WARN_ENUM_CONVERSION = YES;
				CLANG_WARN_INFINITE_RECURSION = YES;
				CLANG_WARN_INT_CONVERSION = YES;
				CLANG_WARN_NON_LITERAL_NULL_CONVERSION = YES;
				CLANG_WARN_OBJC_IMPLICIT_RETAIN_SELF = YES;
				CLANG_WARN_OBJC_LITERAL_CONVERSION = YES;
				CLANG_WARN_OBJC_ROOT_CLASS = YES_ERROR;
				CLANG_WARN_RANGE_LOOP_ANALYSIS = YES;
				CLANG_WARN_STRICT_PROTOTYPES = YES;
				CLANG_WARN_SUSPICIOUS_MOVE = YES;
				CLANG_WARN_UNGUARDED_AVAILABILITY = YES_AGGRESSIVE;
				CLANG_WARN_UNREACHABLE_CODE = YES;
				CLANG_WARN__DUPLICATE_METHOD_MATCH = YES;
				CODE_SIGN_IDENTITY = "iPhone Developer";
				COPY_PHASE_STRIP = NO;
				DEBUG_INFORMATION_FORMAT = "dwarf-with-dsym";
				ENABLE_NS_ASSERTIONS = NO;
				ENABLE_STRICT_OBJC_MSGSEND = YES;
				GCC_C_LANGUAGE_STANDARD = gnu11;
				GCC_NO_COMMON_BLOCKS = YES;
				GCC_WARN_64_TO_32_BIT_CONVERSION = YES;
				GCC_WARN_ABOUT_RETURN_TYPE = YES_ERROR;
				GCC_WARN_UNDECLARED_SELECTOR = YES;
				GCC_WARN_UNINITIALIZED_AUTOS = YES_AGGRESSIVE;
				GCC_WARN_UNUSED_FUNCTION = YES;
				GCC_WARN_UNUSED_VARIABLE = YES;
				IPHONEOS_DEPLOYMENT_TARGET = 12.2;
				MTL_ENABLE_DEBUG_INFO = NO;
				MTL_FAST_MATH = YES;
				SDKROOT = iphoneos;
				SWIFT_COMPILATION_MODE = wholemodule;
				SWIFT_OPTIMIZATION_LEVEL = "-O";
				VALIDATE_PRODUCT = YES;
			};
			name = Release;
		};
		D0028357228B958D00997C41 /* Debug */ = {
			isa = XCBuildConfiguration;
			baseConfigurationReference = 702945357C4422D334BA1487 /* Pods-magma.debug.xcconfig */;
			buildSettings = {
				ASSETCATALOG_COMPILER_APPICON_NAME = AppIcon;
				CODE_SIGN_STYLE = Automatic;
				DEVELOPMENT_TEAM = 7K8D65LF87;
				INFOPLIST_FILE = magma/Info.plist;
				LD_RUNPATH_SEARCH_PATHS = (
					"$(inherited)",
					"@executable_path/Frameworks",
				);
				PRODUCT_BUNDLE_IDENTIFIER = au.com.codecandy.magma;
				PRODUCT_NAME = "$(TARGET_NAME)";
				SWIFT_VERSION = 4.2;
				TARGETED_DEVICE_FAMILY = "1,2";
				USER_HEADER_SEARCH_PATHS = "\"${PODS_ROOT}/BuildHeaders\"/**";
			};
			name = Debug;
		};
		D0028358228B958D00997C41 /* Release */ = {
			isa = XCBuildConfiguration;
			baseConfigurationReference = 4520519BA374FE4882A3A8E5 /* Pods-magma.release.xcconfig */;
			buildSettings = {
				ASSETCATALOG_COMPILER_APPICON_NAME = AppIcon;
				CODE_SIGN_STYLE = Automatic;
				DEVELOPMENT_TEAM = 7K8D65LF87;
				INFOPLIST_FILE = magma/Info.plist;
				LD_RUNPATH_SEARCH_PATHS = (
					"$(inherited)",
					"@executable_path/Frameworks",
				);
				PRODUCT_BUNDLE_IDENTIFIER = au.com.codecandy.magma;
				PRODUCT_NAME = "$(TARGET_NAME)";
				SWIFT_VERSION = 4.2;
				TARGETED_DEVICE_FAMILY = "1,2";
				USER_HEADER_SEARCH_PATHS = "\"${PODS_ROOT}/BuildHeaders\"/**";
			};
			name = Release;
		};
/* End XCBuildConfiguration section */

/* Begin XCConfigurationList section */
		D002833D228B958700997C41 /* Build configuration list for PBXProject "magma" */ = {
			isa = XCConfigurationList;
			buildConfigurations = (
				D0028354228B958D00997C41 /* Debug */,
				D0028355228B958D00997C41 /* Release */,
			);
			defaultConfigurationIsVisible = 0;
			defaultConfigurationName = Release;
		};
		D0028356228B958D00997C41 /* Build configuration list for PBXNativeTarget "magma" */ = {
			isa = XCConfigurationList;
			buildConfigurations = (
				D0028357228B958D00997C41 /* Debug */,
				D0028358228B958D00997C41 /* Release */,
			);
			defaultConfigurationIsVisible = 0;
			defaultConfigurationName = Release;
		};
/* End XCConfigurationList section */
	};
	rootObject = D002833A228B958700997C41 /* Project object */;
}
